
Microsoft Visual Studio Solution File, Format Version 12.00
# Visual Studio 15
VisualStudioVersion = 15.0.26730.16
MinimumVisualStudioVersion = 10.0.40219.1
Project("{FAE04EC0-301F-11D3-BF4B-00C04F79EFBC}") = "Confuser.Protections.HoLLy", "Confuser.Protections.HoLLy\Confuser.Protections.HoLLy.csproj", "{76C81D18-9501-4FCA-8D95-455AF3DE90B0}"
EndProject
Global
	GlobalSection(SolutionConfigurationPlatforms) = preSolution
		Debug|Any CPU = Debug|Any CPU
		Release|Any CPU = Release|Any CPU
	EndGlobalSection
	GlobalSection(ProjectConfigurationPlatforms) = postSolution
		{76C81D18-9501-4FCA-8D95-455AF3DE90B0}.Debug|Any CPU.ActiveCfg = Debug|Any CPU
		{76C81D18-9501-4FCA-8D95-455AF3DE90B0}.Debug|Any CPU.Build.0 = Debug|Any CPU
		{76C81D18-9501-4FCA-8D95-455AF3DE90B0}.Release|Any CPU.ActiveCfg = Release|Any CPU
		{76C81D18-9501-4FCA-8D95-455AF3DE90B0}.Release|Any CPU.Build.0 = Release|Any CPU
	EndGlobalSection
	GlobalSection(SolutionProperties) = preSolution
		HideSolutionNode = FALSE
	EndGlobalSection
	GlobalSection(ExtensibilityGlobals) = postSolution
		SolutionGuid = {08004534-98F4-4D46-91DF-C78B5BE85D32}
	EndGlobalSection
EndGlobal
